
Microsoft Visual Studio Solution File, Format Version 12.00
# Visual Studio Version 16
VisualStudioVersion = 16.0.31313.79
MinimumVisualStudioVersion = 10.0.40219.1
Project("{FAE04EC0-301F-11D3-BF4B-00C04F79EFBC}") = "device-manager", "device-manager.csproj", "{0F01F47A-AB6C-4191-B623-0C172B7F4EEC}"
EndProject
Global
	GlobalSection(SolutionConfigurationPlatforms) = preSolution
		Debug|Any CPU = Debug|Any CPU
		Release|Any CPU = Release|Any CPU
	EndGlobalSection
	GlobalSection(ProjectConfigurationPlatforms) = postSolution
		{0F01F47A-AB6C-4191-B623-0C172B7F4EEC}.Debug|Any CPU.ActiveCfg = Debug|Any CPU
		{0F01F47A-AB6C-4191-B623-0C172B7F4EEC}.Debug|Any CPU.Build.0 = Debug|Any CPU
		{0F01F47A-AB6C-4191-B623-0C172B7F4EEC}.Release|Any CPU.ActiveCfg = Release|Any CPU
		{0F01F47A-AB6C-4191-B623-0C172B7F4EEC}.Release|Any CPU.Build.0 = Release|Any CPU
	EndGlobalSection
	GlobalSection(SolutionProperties) = preSolution
		HideSolutionNode = FALSE
	EndGlobalSection
	GlobalSection(ExtensibilityGlobals) = postSolution
		SolutionGuid = {A8957569-AD48-43CA-B1D3-8ED54C9CF265}
	EndGlobalSection
EndGlobal
